
Microsoft Visual Studio Solution File, Format Version 12.00
# Visual Studio Version 17
VisualStudioVersion = 17.7.34221.43
MinimumVisualStudioVersion = 10.0.40219.1
Project("{FAE04EC0-301F-11D3-BF4B-00C04F79EFBC}") = "GiselaPrueba", "GiselaPrueba\GiselaPrueba.csproj", "{35590E2E-9889-49B0-BB26-9ABE9926BA6C}"
EndProject
Global
	GlobalSection(SolutionConfigurationPlatforms) = preSolution
		Debug|Any CPU = Debug|Any CPU
		Release|Any CPU = Release|Any CPU
	EndGlobalSection
	GlobalSection(ProjectConfigurationPlatforms) = postSolution
		{35590E2E-9889-49B0-BB26-9ABE9926BA6C}.Debug|Any CPU.ActiveCfg = Debug|Any CPU
		{35590E2E-9889-49B0-BB26-9ABE9926BA6C}.Debug|Any CPU.Build.0 = Debug|Any CPU
		{35590E2E-9889-49B0-BB26-9ABE9926BA6C}.Release|Any CPU.ActiveCfg = Release|Any CPU
		{35590E2E-9889-49B0-BB26-9ABE9926BA6C}.Release|Any CPU.Build.0 = Release|Any CPU
	EndGlobalSection
	GlobalSection(SolutionProperties) = preSolution
		HideSolutionNode = FALSE
	EndGlobalSection
	GlobalSection(ExtensibilityGlobals) = postSolution
		SolutionGuid = {7DB13276-BB7B-4D18-B366-506EDE9D3DBE}
	EndGlobalSection
EndGlobal
